[[tools.act]]
version = "0.2.82"
backend = "aqua:nektos/act"

[tools.act.platforms.macos-arm64]
checksum = "sha256:c4cc7d34f497eb15f51f8f6e1d25571e18b4909ceceb40933f4a26a8e7293cfb"
size = 7523767
url = "https://github.com/nektos/act/releases/download/v0.2.82/act_Darwin_arm64.tar.gz"

[[tools.argc]]
version = "1.23.0"
backend = "github:sigoden/argc"

[tools.argc.platforms.macos-arm64]
checksum = "blake3:afb3c4663a3be3be7806b9c8f7b60b2946329f6e55305d82e5142ba015041834"
name = "argc-v1.23.0-aarch64-apple-darwin.tar.gz"
size = 485437
url = "https://github.com/sigoden/argc/releases/download/v1.23.0/argc-v1.23.0-aarch64-apple-darwin.tar.gz"
url_api = "https://api.github.com/repos/sigoden/argc/releases/assets/271169075"

[[tools.atuin]]
version = "18.10.0"
backend = "aqua:atuinsh/atuin"

[tools.atuin.platforms.macos-arm64]
checksum = "sha256:9ac9618cf57bcfe561d53d0539ffee9b8185286b11f3b330df26fe35d06411f1"
size = 12523696
url = "https://github.com/atuinsh/atuin/releases/download/v18.10.0/atuin-aarch64-apple-darwin.tar.gz"

[[tools.awscli]]
version = "2.31.38"
backend = "aqua:aws/aws-cli"

[tools.awscli.platforms.macos-arm64]
checksum = "blake3:d0a2093f0485a9df34f021b3f0e6bea4490bfbd1d6223447feaf876e20b8eb3a"
size = 48393538
url = "https://awscli.amazonaws.com/AWSCLIV2-2.31.38.pkg"

[[tools.bun]]
version = "1.3.2"
backend = "core:bun"

[tools.bun.platforms.macos-arm64]
checksum = "blake3:973aa23e358881b982235a05e659ca4ba81dc734ce1cd2cd06dbe9122ea7a58c"
size = 22511628

[[tools.carapace]]
version = "1.5.5"
backend = "aqua:carapace-sh/carapace-bin"

[tools.carapace.platforms.macos-arm64]
checksum = "sha256:a33f3131bca488fc1934107f7f789309baa24c39081fade19e77274fd3bfbe77"
size = 13627163
url = "https://github.com/carapace-sh/carapace-bin/releases/download/v1.5.5/carapace-bin_1.5.5_darwin_arm64.tar.gz"

[[tools.cargo-binstall]]
version = "1.16.0"
backend = "aqua:cargo-bins/cargo-binstall"

[tools.cargo-binstall.platforms.macos-arm64]
checksum = "sha256:cbf46daabf9f4e222c208d169c9ff0b890360ae95b2d2553b4baee8182882e45"
size = 5973764
url = "https://github.com/cargo-bins/cargo-binstall/releases/download/v1.16.0/cargo-binstall-aarch64-apple-darwin.zip"

[[tools."cargo:cargo-cache"]]
version = "0.8.3"
backend = "cargo:cargo-cache"

[[tools."cargo:cargo-update"]]
version = "18.0.0"
backend = "cargo:cargo-update"

[[tools."cargo:diskonaut"]]
version = "0.11.0"
backend = "cargo:diskonaut"

[[tools."cargo:kondo"]]
version = "0.8.0"
backend = "cargo:kondo"

[[tools."cargo:mdcat"]]
version = "2.7.1"
backend = "cargo:mdcat"

[[tools."cargo:tailspin"]]
version = "5.5.0"
backend = "cargo:tailspin"

[[tools.delta]]
version = "0.18.2"
backend = "aqua:dandavison/delta"

[[tools.dotnet]]
version = "8.0.415"
backend = "asdf:dotnet"

[[tools."dotnet:powershell"]]
version = "7.4.13"
backend = "dotnet:powershell"

[[tools.duf]]
version = "0.9.1"
backend = "aqua:muesli/duf"

[tools.duf.platforms.macos-arm64]
checksum = "sha256:512ba0ff3585bb8c65841de557a4c4b8712332db005dc952fa98d373a05d01df"
size = 1212705
url = "https://github.com/muesli/duf/releases/download/v0.9.1/duf_0.9.1_darwin_arm64.tar.gz"

[[tools.fd]]
version = "10.3.0"
backend = "aqua:sharkdp/fd"

[[tools.fzf]]
version = "0.67.0"
backend = "aqua:junegunn/fzf"

[tools.fzf.platforms.macos-arm64]
checksum = "sha256:b7f34c964d8e52c471c933cef8ec43dc71997c266cafafd1b013bed10fc229a1"
size = 1750013
url = "https://github.com/junegunn/fzf/releases/download/v0.67.0/fzf-0.67.0-darwin_arm64.tar.gz"

[[tools.github-cli]]
version = "2.83.1"
backend = "aqua:cli/cli"

[tools.github-cli.platforms.macos-arm64]
checksum = "sha256:4461a4f07cfdbeb83f96dce8d3789d5115b22185fb1a6fd3ec7f7befb755db0c"
size = 17386980
url = "https://github.com/cli/cli/releases/download/v2.83.1/gh_2.83.1_macOS_arm64.zip"

[[tools.gitui]]
version = "0.27.0"
backend = "aqua:extrawurst/gitui"

[[tools.glow]]
version = "2.1.1"
backend = "aqua:charmbracelet/glow"

[tools.glow.platforms.macos-arm64]
checksum = "sha256:234a20a7d0cebc775cdc77ecd62d28da9479364a122b52d8bac9adf1312b860d"
size = 6029837
url = "https://github.com/charmbracelet/glow/releases/download/v2.1.1/glow_2.1.1_Darwin_arm64.tar.gz"

[[tools.go]]
version = "1.25.3"
backend = "core:go"

[tools.go.platforms.macos-arm64]
checksum = "sha256:7c083e3d2c00debfeb2f77d9a4c00a1aac97113b89b9ccc42a90487af3437382"
size = 58028114
url = "https://dl.google.com/go/go1.25.3.darwin-arm64.tar.gz"

[[tools."go:github.com/go-enry/enry"]]
version = "1.3.0"
backend = "go:github.com/go-enry/enry"

[[tools."go:golang.org/x/tools/gopls"]]
version = "0.20.0"
backend = "go:golang.org/x/tools/gopls"

[[tools.hurl]]
version = "7.0.0"
backend = "aqua:Orange-OpenSource/hurl"

[[tools.jnv]]
version = "0.6.1"
backend = "aqua:ynqa/jnv"

[[tools.jq]]
version = "1.8.1"
backend = "aqua:jqlang/jq"

[[tools.lima]]
version = "1.2.1"
backend = "aqua:lima-vm/lima"

[tools.lima.platforms.macos-arm64]
checksum = "sha256:4c6e20510b456a4e380500096ecce72c18d0ce98548064dc8089797de2290fdc"
size = 23204467
url = "https://github.com/lima-vm/lima/releases/download/v1.2.1/lima-1.2.1-Darwin-arm64.tar.gz"

[[tools.lsd]]
version = "1.2.0"
backend = "aqua:lsd-rs/lsd"

[[tools.neovim]]
version = "0.11.5"
backend = "aqua:neovim/neovim"

[tools.neovim.platforms.macos-arm64]
checksum = "sha256:79143d3b408f7034f90b7cf59af2276de09ef8a4c2f1a28e4c99581b249d3107"
size = 9204217
url = "https://github.com/neovim/neovim/releases/download/v0.11.5/nvim-macos-arm64.tar.gz"

[[tools.node]]
version = "22.21.1"
backend = "core:node"

[tools.node.platforms.macos-arm64]
checksum = "sha256:c170d6554fba83d41d25a76cdbad85487c077e51fa73519e41ac885aa429d8af"
size = 49924179
url = "https://nodejs.org/dist/v22.21.1/node-v22.21.1-darwin-arm64.tar.gz"

[[tools."npm:@anthropic-ai/claude-code"]]
version = "2.0.46"
backend = "npm:@anthropic-ai/claude-code"

[[tools."npm:@google/gemini-cli"]]
version = "0.16.0"
backend = "npm:@google/gemini-cli"

[[tools.numbat]]
version = "1.16.0"
backend = "aqua:sharkdp/numbat"

[[tools.oxker]]
version = "0.12.0"
backend = "aqua:mrjackwills/oxker"

[[tools."pipx:azure-cli"]]
version = "2.68.0"
backend = "pipx:azure-cli"

[[tools."pipx:browser-use"]]
version = "0.9.7"
backend = "pipx:browser-use[extras=cli]"

[[tools."pipx:glances"]]
version = "4.4.1"
backend = "pipx:glances"

[[tools."pipx:pdm"]]
version = "2.26.1"
backend = "pipx:pdm"

[[tools."pipx:poetry"]]
version = "2.2.1"
backend = "pipx:poetry"

[[tools."pipx:sncli"]]
version = "0.4.4"
backend = "pipx:sncli"

[[tools."pipx:tldr"]]
version = "3.4.3"
backend = "pipx:tldr"

[[tools.pre-commit]]
version = "4.4.0"
backend = "aqua:pre-commit/pre-commit"

[tools.pre-commit.platforms.macos-arm64]
checksum = "sha256:9a7e1ff43020518d26698c3d1fe1dadddd161178880293333124348276ab98db"
size = 8262847
url = "https://github.com/pre-commit/pre-commit/releases/download/v4.4.0/pre-commit-4.4.0.pyz"

[[tools.python]]
version = "3.13.9"
backend = "core:python"

[[tools.ripgrep]]
version = "15.1.0"
backend = "aqua:BurntSushi/ripgrep"

[[tools.rust]]
version = "1.90.0"
backend = "core:rust"

[[tools.sd]]
version = "1.0.0"
backend = "aqua:chmln/sd"

[[tools.shellcheck]]
version = "0.11.0"
backend = "aqua:koalaman/shellcheck"

[tools.shellcheck.platforms.macos-arm64]
checksum = "blake3:ad4957ed937da4e876d19e3500fc31d104e43b6e4e11d57a7b7c40140bc870d6"
size = 7245972
url = "https://github.com/koalaman/shellcheck/releases/download/v0.11.0/shellcheck-v0.11.0.darwin.aarch64.tar.xz"

[[tools.shfmt]]
version = "3.12.0"
backend = "aqua:mvdan/sh"

[tools.shfmt.platforms.macos-arm64]
checksum = "sha256:d903802e0ce3ecbc82b98512f55ba370b0d37a93f3f78de394f5b657052b33dd"
size = 2891858
url = "https://github.com/mvdan/sh/releases/download/v3.12.0/shfmt_v3.12.0_darwin_arm64"

[[tools.starship]]
version = "1.24.0"
backend = "aqua:starship/starship"

[tools.starship.platforms.macos-arm64]
checksum = "sha256:236baba98a5f56787dee29c9472865a9ccef83fe2b6bfdce588249d427c72945"
size = 3911401
url = "https://github.com/starship/starship/releases/download/v1.24.0/starship-aarch64-apple-darwin.tar.gz"

[[tools.tmux]]
version = "3.5a"
backend = "asdf:tmux"

[[tools.trivy]]
version = "0.67.2"
backend = "aqua:aquasecurity/trivy"

[tools.trivy.platforms.macos-arm64]
checksum = "sha256:6b3163667f29fc608a2ed647c1bd42023af5779349286148190a168c5b3f28f1"
size = 44682125
url = "https://github.com/aquasecurity/trivy/releases/download/v0.67.2/trivy_0.67.2_macOS-ARM64.tar.gz"

[[tools."ubi:abhimanyu003/sttr"]]
version = "0.2.28"
backend = "ubi:abhimanyu003/sttr"

[tools."ubi:abhimanyu003/sttr".platforms.macos-arm64-sttr]
checksum = "blake3:f75a3a00e896c73a88a11b37e6100ec38f7caff1f0aa2d8405036c7869829883"

[[tools."ubi:block/goose"]]
version = "1.14.0"
backend = "ubi:block/goose"

[tools."ubi:block/goose".platforms.macos-arm64-goose]
checksum = "blake3:f8d952ae49dc878b4d284fec4d4f40c931909044076d60b2ad3a8368b34f8e4d"

[[tools."ubi:dalance/procs"]]
version = "0.14.10"
backend = "ubi:dalance/procs"

[tools."ubi:dalance/procs".platforms.macos-arm64-procs]
checksum = "blake3:f51dc854b201ed55dc1e997ca22152e8f68ed8bdfc6a8e1614262e5126f023ee"

[[tools."ubi:orf/gping"]]
version = "gping-v1.20.1"
backend = "ubi:orf/gping"

[tools."ubi:orf/gping".platforms.macos-arm64-gping]
checksum = "blake3:2d0dc0c5b8534c4a5332028b70cddaf3152c3f1cb1b93b79ebb9f819b3f62d70"

[[tools."ubi:ouch-org/ouch"]]
version = "0.6.1"
backend = "ubi:ouch-org/ouch"

[tools."ubi:ouch-org/ouch".platforms.macos-arm64-ouch]
checksum = "blake3:d1c07b34e0be66e8e7e8c8586a6c4223ba085a6b0e651246c7604aee875f7443"

[[tools."ubi:railwayapp/nixpacks"]]
version = "1.41.0"
backend = "ubi:railwayapp/nixpacks"

[tools."ubi:railwayapp/nixpacks".platforms.macos-arm64-nixpacks]
checksum = "blake3:70e63c94192894c7edf91f33ea2b98b67db2c3997af5fcd0398164d4244c9092"

[[tools."ubi:sharkdp/bat"]]
version = "0.26.0"
backend = "ubi:sharkdp/bat[bin_path=bin/]"

[tools."ubi:sharkdp/bat".platforms.macos-arm64-bat]
checksum = "blake3:801d41e726a41a95e59a2f2c35930f9bbe4a4a3c1b05717cfea0d105a3e5671e"

[[tools."ubi:sharkdp/pastel"]]
version = "0.11.0"
backend = "ubi:sharkdp/pastel"

[tools."ubi:sharkdp/pastel".platforms.macos-arm64-pastel]
checksum = "blake3:759f65a4d52cf0d48f594569c7f7efaaaf8ec147652d91c2c7a8a3318feb2c59"

[[tools."ubi:sigoden/opscan"]]
version = "0.4.0"
backend = "ubi:sigoden/opscan"

[tools."ubi:sigoden/opscan".platforms.macos-arm64-opscan]
checksum = "blake3:6e075b033ab651731fc27fec54a96b58312a430b682a2fb72a3eed5fdc2a5a87"

[[tools."ubi:sst/opencode"]]
version = "1.0.72"
backend = "ubi:sst/opencode"

[tools."ubi:sst/opencode".platforms.macos-arm64-opencode]
checksum = "blake3:1efc5b665fcea367e58cd0fec5cf86468a950011867b2c1993a99a0b5f0e047a"

[[tools."ubi:topgrade-rs/topgrade"]]
version = "16.3.0"
backend = "ubi:topgrade-rs/topgrade"

[tools."ubi:topgrade-rs/topgrade".platforms.macos-arm64-topgrade]
checksum = "blake3:f5dacabb1e9caebb51ce660d60d7a51915d9b2f651706690185994022a282786"

[[tools.uv]]
version = "0.9.10"
backend = "aqua:astral-sh/uv"

[tools.uv.platforms.macos-arm64]
checksum = "sha256:af171d5a4eb1c502819de32740aa811ff71851b1f5ec2d8bd0dda302ed9554c2"
size = 18205991
url = "https://github.com/astral-sh/uv/releases/download/0.9.10/uv-aarch64-apple-darwin.tar.gz"

[[tools.viddy]]
version = "1.3.0"
backend = "aqua:sachaos/viddy"

[[tools.watchexec]]
version = "2.3.2"
backend = "aqua:watchexec/watchexec"

[[tools.xh]]
version = "0.25.0"
backend = "aqua:ducaale/xh"

[[tools.yq]]
version = "4.48.2"
backend = "aqua:mikefarah/yq"

[tools.yq.platforms.macos-arm64]
checksum = "sha256:b3a77a428fda2daced121c937be7f5dfb8107fc62ec506064f1d23bc09415dcb"
size = 10997522
url = "https://github.com/mikefarah/yq/releases/download/v4.48.2/yq_darwin_arm64"

[[tools.zoxide]]
version = "0.9.8"
backend = "aqua:ajeetdsouza/zoxide"
