[[tools.act]]
version = "0.2.82"
backend = "aqua:nektos/act"

[tools.act.platforms.macos-arm64]
checksum = "sha256:c4cc7d34f497eb15f51f8f6e1d25571e18b4909ceceb40933f4a26a8e7293cfb"
size = 7523767
url = "https://github.com/nektos/act/releases/download/v0.2.82/act_Darwin_arm64.tar.gz"

[[tools.argc]]
version = "1.23.0"
backend = "github:sigoden/argc"

[tools.argc.platforms.macos-arm64]
checksum = "blake3:afb3c4663a3be3be7806b9c8f7b60b2946329f6e55305d82e5142ba015041834"
name = "argc-v1.23.0-aarch64-apple-darwin.tar.gz"
size = 485437
url = "https://github.com/sigoden/argc/releases/download/v1.23.0/argc-v1.23.0-aarch64-apple-darwin.tar.gz"
url_api = "https://api.github.com/repos/sigoden/argc/releases/assets/271169075"

[[tools.atuin]]
version = "18.10.0"
backend = "aqua:atuinsh/atuin"

[tools.atuin.platforms.macos-arm64]
checksum = "sha256:9ac9618cf57bcfe561d53d0539ffee9b8185286b11f3b330df26fe35d06411f1"
size = 12523696
url = "https://github.com/atuinsh/atuin/releases/download/v18.10.0/atuin-aarch64-apple-darwin.tar.gz"

[[tools.awscli]]
version = "2.31.24"
backend = "aqua:aws/aws-cli"

[tools.awscli.platforms.macos-arm64]
checksum = "blake3:052b164e98cbcbd180f5927496264c2c7d49034ae4608872efe930b7b000a4d9"
size = 48134745
url = "https://awscli.amazonaws.com/AWSCLIV2-2.31.24.pkg"

[[tools.bat]]
version = "0.26.0"
backend = "aqua:sharkdp/bat"

[tools.bat.platforms.macos-arm64]
checksum = "blake3:df2e08fcd19177c1cde620b36caf9f1562a2c48b8dd4b0373475e168108d8048"
size = 3219053
url = "https://github.com/sharkdp/bat/releases/download/v0.26.0/bat-v0.26.0-aarch64-apple-darwin.tar.gz"

[[tools.bun]]
version = "1.3.1"
backend = "core:bun"

[tools.bun.platforms.macos-arm64]
checksum = "blake3:1643fe56ae2f8adc8229a82672484113c01c82b5fe15b3e498610fc050831ffd"
size = 22437956

[[tools.carapace]]
version = "1.5.3"
backend = "aqua:carapace-sh/carapace-bin"

[tools.carapace.platforms.macos-arm64]
checksum = "sha256:df29c65ba25bfee848af767fae993d61585a2e832dbfd3485242405fab53966a"
size = 13391266
url = "https://github.com/carapace-sh/carapace-bin/releases/download/v1.5.3/carapace-bin_1.5.3_darwin_arm64.tar.gz"

[[tools.cargo-binstall]]
version = "1.15.9"
backend = "aqua:cargo-bins/cargo-binstall"

[tools.cargo-binstall.platforms.macos-arm64]
checksum = "blake3:f60b674981c8dbff6ca36ed3c0f38e9ffb89ade048dc4249226c916f886db810"
size = 6016612
url = "https://github.com/cargo-bins/cargo-binstall/releases/download/v1.15.9/cargo-binstall-aarch64-apple-darwin.zip"

[[tools."cargo:cargo-cache"]]
version = "0.8.3"
backend = "cargo:cargo-cache"

[[tools."cargo:cargo-update"]]
version = "18.0.0"
backend = "cargo:cargo-update"

[[tools."cargo:mdcat"]]
version = "2.7.1"
backend = "cargo:mdcat"

[[tools."cargo:tailspin"]]
version = "5.5.0"
backend = "cargo:tailspin"

[[tools.delta]]
version = "0.18.2"
backend = "aqua:dandavison/delta"

[[tools.dotnet]]
version = "8.0.404"
backend = "asdf:dotnet"

[[tools."dotnet:powershell"]]
version = "7.4.6"
backend = "dotnet:powershell"

[[tools.duf]]
version = "0.9.1"
backend = "aqua:muesli/duf"

[tools.duf.platforms.macos-arm64]
checksum = "sha256:512ba0ff3585bb8c65841de557a4c4b8712332db005dc952fa98d373a05d01df"
size = 1212705
url = "https://github.com/muesli/duf/releases/download/v0.9.1/duf_0.9.1_darwin_arm64.tar.gz"

[[tools.fd]]
version = "10.3.0"
backend = "aqua:sharkdp/fd"

[[tools.fzf]]
version = "0.66.1"
backend = "aqua:junegunn/fzf"

[tools.fzf.platforms.macos-arm64]
checksum = "sha256:0f44db428cb65a0b646e99a506422a59f4b2fc3d3973b35387f78bba48c79c16"
size = 1747511
url = "https://github.com/junegunn/fzf/releases/download/v0.66.1/fzf-0.66.1-darwin_arm64.tar.gz"

[[tools.github-cli]]
version = "2.82.1"
backend = "aqua:cli/cli"

[tools.github-cli.platforms.macos-arm64]
checksum = "sha256:8cf015d101a5a43bbf662155d47ba6242bd1a1630c814e764254efa86e448ba7"
size = 17577889
url = "https://github.com/cli/cli/releases/download/v2.82.1/gh_2.82.1_macOS_arm64.zip"

[[tools.gitui]]
version = "0.27.0"
backend = "aqua:extrawurst/gitui"

[[tools.glow]]
version = "2.1.1"
backend = "aqua:charmbracelet/glow"

[tools.glow.platforms.macos-arm64]
checksum = "sha256:234a20a7d0cebc775cdc77ecd62d28da9479364a122b52d8bac9adf1312b860d"
size = 6029837
url = "https://github.com/charmbracelet/glow/releases/download/v2.1.1/glow_2.1.1_Darwin_arm64.tar.gz"

[[tools.go]]
version = "1.25.3"
backend = "core:go"

[tools.go.platforms.macos-arm64]
checksum = "sha256:7c083e3d2c00debfeb2f77d9a4c00a1aac97113b89b9ccc42a90487af3437382"
size = 58028114
url = "https://dl.google.com/go/go1.25.3.darwin-arm64.tar.gz"

[[tools."go:github.com/go-enry/enry"]]
version = "1.3.0"
backend = "go:github.com/go-enry/enry"

[[tools."go:github.com/shihanng/tfvar"]]
version = "0.10.0"
backend = "go:github.com/shihanng/tfvar"

[[tools."go:golang.org/x/tools/gopls"]]
version = "0.20.0"
backend = "go:golang.org/x/tools/gopls"

[[tools.hurl]]
version = "7.0.0"
backend = "aqua:Orange-OpenSource/hurl"

[[tools.jnv]]
version = "0.6.1"
backend = "aqua:ynqa/jnv"

[[tools.jq]]
version = "1.8.1"
backend = "aqua:jqlang/jq"

[[tools.lima]]
version = "1.2.1"
backend = "aqua:lima-vm/lima"

[tools.lima.platforms.macos-arm64]
checksum = "sha256:4c6e20510b456a4e380500096ecce72c18d0ce98548064dc8089797de2290fdc"
size = 23204467
url = "https://github.com/lima-vm/lima/releases/download/v1.2.1/lima-1.2.1-Darwin-arm64.tar.gz"

[[tools.lsd]]
version = "1.2.0"
backend = "aqua:lsd-rs/lsd"

[[tools.neovim]]
version = "0.11.4"
backend = "aqua:neovim/neovim"

[tools.neovim.platforms.macos-arm64]
checksum = "blake3:31e761b1a1aa3642dec4b09b2f080f99fe550ecfb82e77f7bf11382d5f0630de"
size = 9194532
url = "https://github.com/neovim/neovim/releases/download/v0.11.4/nvim-macos-arm64.tar.gz"

[[tools.node]]
version = "22.21.1"
backend = "core:node"

[tools.node.platforms.macos-arm64]
checksum = "sha256:c170d6554fba83d41d25a76cdbad85487c077e51fa73519e41ac885aa429d8af"
size = 49924179
url = "https://nodejs.org/dist/v22.21.1/node-v22.21.1-darwin-arm64.tar.gz"

[[tools."npm:@anthropic-ai/claude-code"]]
version = "2.0.29"
backend = "npm:@anthropic-ai/claude-code"

[[tools."npm:@google/gemini-cli"]]
version = "0.11.0"
backend = "npm:@google/gemini-cli"

[[tools.numbat]]
version = "1.16.0"
backend = "aqua:sharkdp/numbat"

[[tools.oxker]]
version = "0.12.0"
backend = "aqua:mrjackwills/oxker"

[[tools."pipx:azure-cli"]]
version = "2.68.0"
backend = "pipx:azure-cli"

[[tools."pipx:browser-use"]]
version = "0.9.4"
backend = "pipx:browser-use[extras=cli]"

[[tools."pipx:glances"]]
version = "4.3.3"
backend = "pipx:glances"

[[tools."pipx:pdm"]]
version = "2.26.1"
backend = "pipx:pdm"

[[tools."pipx:poetry"]]
version = "2.2.1"
backend = "pipx:poetry"

[[tools."pipx:sncli"]]
version = "0.4.4"
backend = "pipx:sncli"

[[tools."pipx:tldr"]]
version = "3.4.3"
backend = "pipx:tldr"

[[tools.pre-commit]]
version = "4.3.0"
backend = "aqua:pre-commit/pre-commit"

[tools.pre-commit.platforms.macos-arm64]
checksum = "sha256:f1d50b97e9ca9167aceb76c14e90b07cde8b6789bc199d5005cfd817a718878c"
size = 8268268
url = "https://github.com/pre-commit/pre-commit/releases/download/v4.3.0/pre-commit-4.3.0.pyz"

[[tools.python]]
version = "3.13.9"
backend = "core:python"

[[tools.ripgrep]]
version = "15.1.0"
backend = "aqua:BurntSushi/ripgrep"

[[tools.rust]]
version = "1.90.0"
backend = "core:rust"

[[tools.sd]]
version = "1.0.0"
backend = "aqua:chmln/sd"

[[tools.shellcheck]]
version = "0.11.0"
backend = "aqua:koalaman/shellcheck"

[tools.shellcheck.platforms.macos-arm64]
checksum = "blake3:ad4957ed937da4e876d19e3500fc31d104e43b6e4e11d57a7b7c40140bc870d6"
size = 7245972
url = "https://github.com/koalaman/shellcheck/releases/download/v0.11.0/shellcheck-v0.11.0.darwin.aarch64.tar.xz"

[[tools.shfmt]]
version = "3.12.0"
backend = "aqua:mvdan/sh"

[tools.shfmt.platforms.macos-arm64]
checksum = "sha256:d903802e0ce3ecbc82b98512f55ba370b0d37a93f3f78de394f5b657052b33dd"
size = 2891858
url = "https://github.com/mvdan/sh/releases/download/v3.12.0/shfmt_v3.12.0_darwin_arm64"

[[tools.starship]]
version = "1.24.0"
backend = "aqua:starship/starship"

[tools.starship.platforms.macos-arm64]
checksum = "sha256:236baba98a5f56787dee29c9472865a9ccef83fe2b6bfdce588249d427c72945"
size = 3911401
url = "https://github.com/starship/starship/releases/download/v1.24.0/starship-aarch64-apple-darwin.tar.gz"

[[tools.tmux]]
version = "3.5a"
backend = "asdf:tmux"

[[tools.trivy]]
version = "0.67.2"
backend = "aqua:aquasecurity/trivy"

[tools.trivy.platforms.macos-arm64]
checksum = "sha256:6b3163667f29fc608a2ed647c1bd42023af5779349286148190a168c5b3f28f1"
size = 44682125
url = "https://github.com/aquasecurity/trivy/releases/download/v0.67.2/trivy_0.67.2_macOS-ARM64.tar.gz"

[[tools."ubi:abhimanyu003/sttr"]]
version = "0.2.28"
backend = "ubi:abhimanyu003/sttr"

[[tools."ubi:block/goose"]]
version = "1.12.1"
backend = "ubi:block/goose"

[tools."ubi:block/goose".platforms.macos-arm64-goose]
checksum = "blake3:cd0b6546d63c8d9766cc01ddab5513de6ebcaced8d9e8e1f101a0e5f61d52f00"

[[tools."ubi:dalance/procs"]]
version = "0.14.10"
backend = "ubi:dalance/procs"

[[tools."ubi:imsnif/diskonaut"]]
version = "0.11.0"
backend = "ubi:imsnif/diskonaut"

[[tools."ubi:orf/gping"]]
version = "gping-v1.20.1"
backend = "ubi:orf/gping"

[[tools."ubi:ouch-org/ouch"]]
version = "0.6.1"
backend = "ubi:ouch-org/ouch"

[[tools."ubi:railwayapp/nixpacks"]]
version = "1.41.0"
backend = "ubi:railwayapp/nixpacks"

[[tools."ubi:sharkdp/pastel"]]
version = "0.11.0"
backend = "ubi:sharkdp/pastel"

[[tools."ubi:sigoden/opscan"]]
version = "0.4.0"
backend = "ubi:sigoden/opscan"

[[tools."ubi:sst/opencode"]]
version = "0.15.28"
backend = "ubi:sst/opencode"

[tools."ubi:sst/opencode".platforms.macos-arm64-opencode]
checksum = "blake3:4e5ec071465e421cf34c1f4bb6372394e00dcc308b72269d8c44210d23c01d97"

[[tools."ubi:tbillington/kondo"]]
version = "0.8"
backend = "ubi:tbillington/kondo"

[[tools."ubi:topgrade-rs/topgrade"]]
version = "16.0.4"
backend = "ubi:topgrade-rs/topgrade"

[[tools.uv]]
version = "0.9.6"
backend = "aqua:astral-sh/uv"

[tools.uv.platforms.macos-arm64]
checksum = "sha256:892e8ac6d5240a4dec21fac5bedef52c1b6d40f0dfe52f9e3203038e7e16aed2"
size = 18362320
url = "https://github.com/astral-sh/uv/releases/download/0.9.6/uv-aarch64-apple-darwin.tar.gz"

[[tools.viddy]]
version = "1.3.0"
backend = "aqua:sachaos/viddy"

[[tools.watchexec]]
version = "2.3.2"
backend = "aqua:watchexec/watchexec"

[[tools.xh]]
version = "0.25.0"
backend = "aqua:ducaale/xh"

[[tools.yq]]
version = "4.48.1"
backend = "aqua:mikefarah/yq"

[tools.yq.platforms.macos-arm64]
checksum = "blake3:6e0fcb5770ee814265c2d0be03f4328eb443e1b9f07b9ee7be273cd7e59b7fc5"
size = 10980802
url = "https://github.com/mikefarah/yq/releases/download/v4.48.1/yq_darwin_arm64"

[[tools.zoxide]]
version = "0.9.8"
backend = "aqua:ajeetdsouza/zoxide"
